# This file is autogenerated, do not edit; changes may be undone by the next 'dep ensure'.


[[projects]]
  branch = "master"
  digest = "1:5c8f2316fbdd6222deef5854ce1012fecdb1da048971063d9aca0b8e50e03aae"
  name = "github.com/akito0107/generr"
  packages = ["."]
  pruneopts = "UT"
  revision = "0c135008d1c344667f0c4bfc7a05f41f9a27f521"

[[projects]]
  branch = "master"
  digest = "1:aff61b46ef326e4a211e69245a0ca03dee77f850b6221d3fd0f5bc9208591734"
  name = "github.com/google/logger"
  packages = ["."]
  pruneopts = "UT"
  revision = "324a7c096a0d1041e2766b42187908af70e4f723"

[[projects]]
  branch = "master"
  digest = "1:89cd2208bdeb192cc83ee287216af3c987fc87a90b9087718ad6631b636cefcf"
  name = "github.com/iancoleman/strcase"
  packages = ["."]
  pruneopts = "UT"
  revision = "3605ed457bf7f8caa1371b4fafadadc026673479"

[[projects]]
  digest = "1:40e195917a951a8bf867cd05de2a46aaf1806c50cf92eebf4c16f78cd196f747"
  name = "github.com/pkg/errors"
  packages = ["."]
  pruneopts = "UT"
  revision = "645ef00459ed84a119197bfb8d8205042c6df63d"
  version = "v0.8.0"

[[projects]]
  digest = "1:b24d38b282bacf9791408a080f606370efa3d364e4b5fd9ba0f7b87786d3b679"
  name = "github.com/urfave/cli"
  packages = ["."]
  pruneopts = "UT"
  revision = "cfb38830724cc34fedffe9a2a29fb54fa9169cd1"
  version = "v1.20.0"

[[projects]]
  branch = "master"
  digest = "1:0709bc182dee5d5aaa2e7c3faaed3458187f4ace5cb1e24b2b76d43a712e22c3"
  name = "golang.org/x/sys"
  packages = [
    "windows",
    "windows/registry",
    "windows/svc/eventlog",
  ]
  pruneopts = "UT"
  revision = "2a47403f2ae58167c4d75973960ccc62b28cb0d8"

[[projects]]
  branch = "master"
  digest = "1:d3955eca8c7b31e6a90e8b92d12caebbba42b92c43c3a0eabac7de911b2745d0"
  name = "golang.org/x/tools"
  packages = [
    "go/ast/astutil",
    "imports",
    "internal/fastwalk",
    "internal/gopathwalk",
  ]
  pruneopts = "UT"
  revision = "4c874b978acba4ecd4a257d3bb8829dd5de17be8"

[solve-meta]
  analyzer-name = "dep"
  analyzer-version = 1
  input-imports = [
    "github.com/akito0107/generr",
    "github.com/google/logger",
    "github.com/pkg/errors",
    "github.com/urfave/cli",
  ]
  solver-name = "gps-cdcl"
  solver-version = 1
